
Microsoft Visual Studio Solution File, Format Version 12.00
# Visual Studio Version 16
VisualStudioVersion = 16.0.30517.126
MinimumVisualStudioVersion = 10.0.40219.1
Project("{FAE04EC0-301F-11D3-BF4B-00C04F79EFBC}") = "AndroidUbicacion.Android", "AndroidUbicacion\AndroidUbicacion.Android\AndroidUbicacion.Android.csproj", "{37450C23-9F87-4EC2-9C22-9FCF525423B6}"
EndProject
Project("{FAE04EC0-301F-11D3-BF4B-00C04F79EFBC}") = "AndroidUbicacion", "AndroidUbicacion\AndroidUbicacion\AndroidUbicacion.csproj", "{8E782C52-0507-480A-A0DC-710B4F289369}"
EndProject
Global
	GlobalSection(SolutionConfigurationPlatforms) = preSolution
		Debug|Any CPU = Debug|Any CPU
		Release|Any CPU = Release|Any CPU
	EndGlobalSection
	GlobalSection(ProjectConfigurationPlatforms) = postSolution
		{37450C23-9F87-4EC2-9C22-9FCF525423B6}.Debug|Any CPU.ActiveCfg = Debug|Any CPU
		{37450C23-9F87-4EC2-9C22-9FCF525423B6}.Debug|Any CPU.Build.0 = Debug|Any CPU
		{37450C23-9F87-4EC2-9C22-9FCF525423B6}.Debug|Any CPU.Deploy.0 = Debug|Any CPU
		{37450C23-9F87-4EC2-9C22-9FCF525423B6}.Release|Any CPU.ActiveCfg = Release|Any CPU
		{37450C23-9F87-4EC2-9C22-9FCF525423B6}.Release|Any CPU.Build.0 = Release|Any CPU
		{37450C23-9F87-4EC2-9C22-9FCF525423B6}.Release|Any CPU.Deploy.0 = Release|Any CPU
		{8E782C52-0507-480A-A0DC-710B4F289369}.Debug|Any CPU.ActiveCfg = Debug|Any CPU
		{8E782C52-0507-480A-A0DC-710B4F289369}.Debug|Any CPU.Build.0 = Debug|Any CPU
		{8E782C52-0507-480A-A0DC-710B4F289369}.Debug|Any CPU.Deploy.0 = Debug|Any CPU
		{8E782C52-0507-480A-A0DC-710B4F289369}.Release|Any CPU.ActiveCfg = Release|Any CPU
		{8E782C52-0507-480A-A0DC-710B4F289369}.Release|Any CPU.Build.0 = Release|Any CPU
		{8E782C52-0507-480A-A0DC-710B4F289369}.Release|Any CPU.Deploy.0 = Release|Any CPU
	EndGlobalSection
	GlobalSection(SolutionProperties) = preSolution
		HideSolutionNode = FALSE
	EndGlobalSection
	GlobalSection(ExtensibilityGlobals) = postSolution
		SolutionGuid = {A943B996-0260-4539-BC25-17CB1A403C9D}
	EndGlobalSection
EndGlobal
